// !$*UTF8*$!
{
	archiveVersion = 1;
	classes = {
	};
	objectVersion = 46;
	objects = {

/* Begin PBXBuildFile section */
		4FE90D5319F1425B008E15FA /* main.m in Sources */ = {isa = PBXBuildFile; fileRef = 4FE90D5219F1425B008E15FA /* main.m */; };
		4FE90D5C19F1437D008E15FA /* Member.m in Sources */ = {isa = PBXBuildFile; fileRef = 4FE90D5A19F1437D008E15FA /* Member.m */; };
		4FE90D6419F1439B008E15FA /* Magi.swift in Sources */ = {isa = PBXBuildFile; fileRef = 4FE90D6319F1439B008E15FA /* Magi.swift */; };
		4FE90D6619F143AA008E15FA /* Party.swift in Sources */ = {isa = PBXBuildFile; fileRef = 4FE90D6519F143AA008E15FA /* Party.swift */; };
/* End PBXBuildFile section */

/* Begin PBXCopyFilesBuildPhase section */
		4FE90D4D19F1425B008E15FA /* CopyFiles */ = {
			isa = PBXCopyFilesBuildPhase;
			buildActionMask = 2147483647;
			dstPath = /usr/share/man/man1/;
			dstSubfolderSpec = 0;
			files = (
			);
			runOnlyForDeploymentPostprocessing = 1;
		};
/* End PBXCopyFilesBuildPhase section */

/* Begin PBXFileReference section */
		4FE90D4F19F1425B008E15FA /* RPGFighters */ = {isa = PBXFileReference; explicitFileType = "compiled.mach-o.executable"; includeInIndex = 0; path = RPGFighters; sourceTree = BUILT_PRODUCTS_DIR; };
		4FE90D5219F1425B008E15FA /* main.m */ = {isa = PBXFileReference; lastKnownFileType = sourcecode.c.objc; path = main.m; sourceTree = "<group>"; };
		4FE90D5919F1437D008E15FA /* Member.h */ = {isa = PBXFileReference; fileEncoding = 4; lastKnownFileType = sourcecode.c.h; path = Member.h; sourceTree = "<group>"; };
		4FE90D5A19F1437D008E15FA /* Member.m */ = {isa = PBXFileReference; fileEncoding = 4; lastKnownFileType = sourcecode.c.objc; path = Member.m; sourceTree = "<group>"; };
		4FE90D5B19F1437D008E15FA /* Membership.h */ = {isa = PBXFileReference; fileEncoding = 4; lastKnownFileType = sourcecode.c.h; path = Membership.h; sourceTree = "<group>"; };
		4FE90D6319F1439B008E15FA /* Magi.swift */ = {isa = PBXFileReference; fileEncoding = 4; lastKnownFileType = sourcecode.swift; path = Magi.swift; sourceTree = "<group>"; };
		4FE90D6519F143AA008E15FA /* Party.swift */ = {isa = PBXFileReference; fileEncoding = 4; lastKnownFileType = sourcecode.swift; path = Party.swift; sourceTree = "<group>"; };
		4FE90D6719F1445E008E15FA /* RPGFighters-Bridging-Header.h */ = {isa = PBXFileReference; lastKnownFileType = sourcecode.c.h; path = "RPGFighters-Bridging-Header.h"; sourceTree = "<group>"; };
/* End PBXFileReference section */

/* Begin PBXFrameworksBuildPhase section */
		4FE90D4C19F1425B008E15FA /* Frameworks */ = {
			isa = PBXFrameworksBuildPhase;
			buildActionMask = 2147483647;
			files = (
			);
			runOnlyForDeploymentPostprocessing = 0;
		};
/* End PBXFrameworksBuildPhase section */

/* Begin PBXGroup section */
		4FE90D4619F1425B008E15FA = {
			isa = PBXGroup;
			children = (
				4FE90D5119F1425B008E15FA /* RPGFighters */,
				4FE90D5019F1425B008E15FA /* Products */,
			);
			sourceTree = "<group>";
		};
		4FE90D5019F1425B008E15FA /* Products */ = {
			isa = PBXGroup;
			children = (
				4FE90D4F19F1425B008E15FA /* RPGFighters */,
			);
			name = Products;
			sourceTree = "<group>";
		};
		4FE90D5119F1425B008E15FA /* RPGFighters */ = {
			isa = PBXGroup;
			children = (
				4FE90D5219F1425B008E15FA /* main.m */,
				4FE90D6519F143AA008E15FA /* Party.swift */,
				4FE90D6319F1439B008E15FA /* Magi.swift */,
				4FE90D5919F1437D008E15FA /* Member.h */,
				4FE90D5A19F1437D008E15FA /* Member.m */,
				4FE90D5B19F1437D008E15FA /* Membership.h */,
				4FE90D6719F1445E008E15FA /* RPGFighters-Bridging-Header.h */,
			);
			path = RPGFighters;
			sourceTree = "<group>";
		};
/* End PBXGroup section */

/* Begin PBXNativeTarget section */
		4FE90D4E19F1425B008E15FA /* RPGFighters */ = {
			isa = PBXNativeTarget;
			buildConfigurationList = 4FE90D5619F1425B008E15FA /* Build configuration list for PBXNativeTarget "RPGFighters" */;
			buildPhases = (
				4FE90D4B19F1425B008E15FA /* Sources */,
				4FE90D4C19F1425B008E15FA /* Frameworks */,
				4FE90D4D19F1425B008E15FA /* CopyFiles */,
			);
			buildRules = (
			);
			dependencies = (
			);
			name = RPGFighters;
			productName = RPGFighters;
			productReference = 4FE90D4F19F1425B008E15FA /* RPGFighters */;
			productType = "com.apple.product-type.tool";
		};
/* End PBXNativeTarget section */

/* Begin PBXProject section */
		4FE90D4719F1425B008E15FA /* Project object */ = {
			isa = PBXProject;
			attributes = {
				LastUpgradeCheck = 0610;
				ORGANIZATIONNAME = "Takeshi OGIHARA";
				TargetAttributes = {
					4FE90D4E19F1425B008E15FA = {
						CreatedOnToolsVersion = 6.1;
					};
				};
			};
			buildConfigurationList = 4FE90D4A19F1425B008E15FA /* Build configuration list for PBXProject "RPGFighters" */;
			compatibilityVersion = "Xcode 3.2";
			developmentRegion = English;
			hasScannedForEncodings = 0;
			knownRegions = (
				en,
			);
			mainGroup = 4FE90D4619F1425B008E15FA;
			productRefGroup = 4FE90D5019F1425B008E15FA /* Products */;
			projectDirPath = "";
			projectRoot = "";
			targets = (
				4FE90D4E19F1425B008E15FA /* RPGFighters */,
			);
		};
/* End PBXProject section */

/* Begin PBXSourcesBuildPhase section */
		4FE90D4B19F1425B008E15FA /* Sources */ = {
			isa = PBXSourcesBuildPhase;
			buildActionMask = 2147483647;
			files = (
				4FE90D6419F1439B008E15FA /* Magi.swift in Sources */,
				4FE90D5319F1425B008E15FA /* main.m in Sources */,
				4FE90D6619F143AA008E15FA /* Party.swift in Sources */,
				4FE90D5C19F1437D008E15FA /* Member.m in Sources */,
			);
			runOnlyForDeploymentPostprocessing = 0;
		};
/* End PBXSourcesBuildPhase section */

/* Begin XCBuildConfiguration section */
		4FE90D5419F1425B008E15FA /* Debug */ = {
			isa = XCBuildConfiguration;
			buildSettings = {
				ALWAYS_SEARCH_USER_PATHS = NO;
				CLANG_CXX_LANGUAGE_STANDARD = "gnu++0x";
				CLANG_CXX_LIBRARY = "libc++";
				CLANG_ENABLE_MODULES = YES;
				CLANG_ENABLE_OBJC_ARC = YES;
				CLANG_WARN_BOOL_CONVERSION = YES;
				CLANG_WARN_CONSTANT_CONVERSION = YES;
				CLANG_WARN_DIRECT_OBJC_ISA_USAGE = YES_ERROR;
				CLANG_WARN_EMPTY_BODY = YES;
				CLANG_WARN_ENUM_CONVERSION = YES;
				CLANG_WARN_INT_CONVERSION = YES;
				CLANG_WARN_OBJC_ROOT_CLASS = YES_ERROR;
				CLANG_WARN_UNREACHABLE_CODE = YES;
				CLANG_WARN__DUPLICATE_METHOD_MATCH = YES;
				COPY_PHASE_STRIP = NO;
				ENABLE_STRICT_OBJC_MSGSEND = YES;
				GCC_C_LANGUAGE_STANDARD = gnu99;
				GCC_DYNAMIC_NO_PIC = NO;
				GCC_OPTIMIZATION_LEVEL = 0;
				GCC_PREPROCESSOR_DEFINITIONS = (
					"DEBUG=1",
					"$(inherited)",
				);
				GCC_SYMBOLS_PRIVATE_EXTERN = NO;
				GCC_WARN_64_TO_32_BIT_CONVERSION = YES;
				GCC_WARN_ABOUT_RETURN_TYPE = YES_ERROR;
				GCC_WARN_UNDECLARED_SELECTOR = YES;
				GCC_WARN_UNINITIALIZED_AUTOS = YES_AGGRESSIVE;
				GCC_WARN_UNUSED_FUNCTION = YES;
				GCC_WARN_UNUSED_VARIABLE = YES;
				MACOSX_DEPLOYMENT_TARGET = 10.9;
				MTL_ENABLE_DEBUG_INFO = YES;
				ONLY_ACTIVE_ARCH = YES;
				PRODUCT_NAME = RPGFighters;
				SDKROOT = macosx;
				SWIFT_OBJC_BRIDGING_HEADER = "RPGFighters/RPGFighters-Bridging-Header.h";
			};
			name = Debug;
		};
		4FE90D5519F1425B008E15FA /* Release */ = {
			isa = XCBuildConfiguration;
			buildSettings = {
				ALWAYS_SEARCH_USER_PATHS = NO;
				CLANG_CXX_LANGUAGE_STANDARD = "gnu++0x";
				CLANG_CXX_LIBRARY = "libc++";
				CLANG_ENABLE_MODULES = YES;
				CLANG_ENABLE_OBJC_ARC = YES;
				CLANG_WARN_BOOL_CONVERSION = YES;
				CLANG_WARN_CONSTANT_CONVERSION = YES;
				CLANG_WARN_DIRECT_OBJC_ISA_USAGE = YES_ERROR;
				CLANG_WARN_EMPTY_BODY = YES;
				CLANG_WARN_ENUM_CONVERSION = YES;
				CLANG_WARN_INT_CONVERSION = YES;
				CLANG_WARN_OBJC_ROOT_CLASS = YES_ERROR;
				CLANG_WARN_UNREACHABLE_CODE = YES;
				CLANG_WARN__DUPLICATE_METHOD_MATCH = YES;
				COPY_PHASE_STRIP = YES;
				DEBUG_INFORMATION_FORMAT = "dwarf-with-dsym";
				ENABLE_NS_ASSERTIONS = NO;
				ENABLE_STRICT_OBJC_MSGSEND = YES;
				GCC_C_LANGUAGE_STANDARD = gnu99;
				GCC_WARN_64_TO_32_BIT_CONVERSION = YES;
				GCC_WARN_ABOUT_RETURN_TYPE = YES_ERROR;
				GCC_WARN_UNDECLARED_SELECTOR = YES;
				GCC_WARN_UNINITIALIZED_AUTOS = YES_AGGRESSIVE;
				GCC_WARN_UNUSED_FUNCTION = YES;
				GCC_WARN_UNUSED_VARIABLE = YES;
				MACOSX_DEPLOYMENT_TARGET = 10.9;
				MTL_ENABLE_DEBUG_INFO = NO;
				PRODUCT_NAME = RPGFighters;
				SDKROOT = macosx;
				SWIFT_OBJC_BRIDGING_HEADER = "RPGFighters/RPGFighters-Bridging-Header.h";
			};
			name = Release;
		};
		4FE90D5719F1425B008E15FA /* Debug */ = {
			isa = XCBuildConfiguration;
			buildSettings = {
				PRODUCT_NAME = "$(TARGET_NAME)";
			};
			name = Debug;
		};
		4FE90D5819F1425B008E15FA /* Release */ = {
			isa = XCBuildConfiguration;
			buildSettings = {
				PRODUCT_NAME = "$(TARGET_NAME)";
			};
			name = Release;
		};
/* End XCBuildConfiguration section */

/* Begin XCConfigurationList section */
		4FE90D4A19F1425B008E15FA /* Build configuration list for PBXProject "RPGFighters" */ = {
			isa = XCConfigurationList;
			buildConfigurations = (
				4FE90D5419F1425B008E15FA /* Debug */,
				4FE90D5519F1425B008E15FA /* Release */,
			);
			defaultConfigurationIsVisible = 0;
			defaultConfigurationName = Release;
		};
		4FE90D5619F1425B008E15FA /* Build configuration list for PBXNativeTarget "RPGFighters" */ = {
			isa = XCConfigurationList;
			buildConfigurations = (
				4FE90D5719F1425B008E15FA /* Debug */,
				4FE90D5819F1425B008E15FA /* Release */,
			);
			defaultConfigurationIsVisible = 0;
			defaultConfigurationName = Release;
		};
/* End XCConfigurationList section */
	};
	rootObject = 4FE90D4719F1425B008E15FA /* Project object */;
}
